// !$*UTF8*$!
{
	archiveVersion = 1;
	classes = {
	};
	objectVersion = 56;
	objects = {

/* Begin PBXBuildFile section */
		274DA8002B73B24500E9B0D7 /* AppDelegate.swift in Sources */ = {isa = PBXBuildFile; fileRef = 274DA7FF2B73B24500E9B0D7 /* AppDelegate.swift */; };
		274DA8022B73B24500E9B0D7 /* SceneDelegate.swift in Sources */ = {isa = PBXBuildFile; fileRef = 274DA8012B73B24500E9B0D7 /* SceneDelegate.swift */; };
		274DA8042B73B24500E9B0D7 /* ViewController.swift in Sources */ = {isa = PBXBuildFile; fileRef = 274DA8032B73B24500E9B0D7 /* ViewController.swift */; };
		274DA8072B73B24500E9B0D7 /* Main.storyboard in Resources */ = {isa = PBXBuildFile; fileRef = 274DA8052B73B24500E9B0D7 /* Main.storyboard */; };
		274DA8092B73B24A00E9B0D7 /* Assets.xcassets in Resources */ = {isa = PBXBuildFile; fileRef = 274DA8082B73B24A00E9B0D7 /* Assets.xcassets */; };
		274DA80C2B73B24A00E9B0D7 /* LaunchScreen.storyboard in Resources */ = {isa = PBXBuildFile; fileRef = 274DA80A2B73B24A00E9B0D7 /* LaunchScreen.storyboard */; };
		274DA8172B73B24A00E9B0D7 /* ConcurrencyInSwiftTests.swift in Sources */ = {isa = PBXBuildFile; fileRef = 274DA8162B73B24A00E9B0D7 /* ConcurrencyInSwiftTests.swift */; };
		274DA8212B73B24A00E9B0D7 /* ConcurrencyInSwiftUITests.swift in Sources */ = {isa = PBXBuildFile; fileRef = 274DA8202B73B24A00E9B0D7 /* ConcurrencyInSwiftUITests.swift */; };
		274DA8232B73B24A00E9B0D7 /* ConcurrencyInSwiftUITestsLaunchTests.swift in Sources */ = {isa = PBXBuildFile; fileRef = 274DA8222B73B24A00E9B0D7 /* ConcurrencyInSwiftUITestsLaunchTests.swift */; };
/* End PBXBuildFile section */

/* Begin PBXContainerItemProxy section */
		274DA8132B73B24A00E9B0D7 /* PBXContainerItemProxy */ = {
			isa = PBXContainerItemProxy;
			containerPortal = 274DA7F42B73B24500E9B0D7 /* Project object */;
			proxyType = 1;
			remoteGlobalIDString = 274DA7FB2B73B24500E9B0D7;
			remoteInfo = ConcurrencyInSwift;
		};
		274DA81D2B73B24A00E9B0D7 /* PBXContainerItemProxy */ = {
			isa = PBXContainerItemProxy;
			containerPortal = 274DA7F42B73B24500E9B0D7 /* Project object */;
			proxyType = 1;
			remoteGlobalIDString = 274DA7FB2B73B24500E9B0D7;
			remoteInfo = ConcurrencyInSwift;
		};
/* End PBXContainerItemProxy section */

/* Begin PBXFileReference section */
		274DA7FC2B73B24500E9B0D7 /* ConcurrencyInSwift.app */ = {isa = PBXFileReference; explicitFileType = wrapper.application; includeInIndex = 0; path = ConcurrencyInSwift.app; sourceTree = BUILT_PRODUCTS_DIR; };
		274DA7FF2B73B24500E9B0D7 /* AppDelegate.swift */ = {isa = PBXFileReference; lastKnownFileType = sourcecode.swift; path = AppDelegate.swift; sourceTree = "<group>"; };
		274DA8012B73B24500E9B0D7 /* SceneDelegate.swift */ = {isa = PBXFileReference; lastKnownFileType = sourcecode.swift; path = SceneDelegate.swift; sourceTree = "<group>"; };
		274DA8032B73B24500E9B0D7 /* ViewController.swift */ = {isa = PBXFileReference; lastKnownFileType = sourcecode.swift; path = ViewController.swift; sourceTree = "<group>"; };
		274DA8062B73B24500E9B0D7 /* Base */ = {isa = PBXFileReference; lastKnownFileType = file.storyboard; name = Base; path = Base.lproj/Main.storyboard; sourceTree = "<group>"; };
		274DA8082B73B24A00E9B0D7 /* Assets.xcassets */ = {isa = PBXFileReference; lastKnownFileType = folder.assetcatalog; path = Assets.xcassets; sourceTree = "<group>"; };
		274DA80B2B73B24A00E9B0D7 /* Base */ = {isa = PBXFileReference; lastKnownFileType = file.storyboard; name = Base; path = Base.lproj/LaunchScreen.storyboard; sourceTree = "<group>"; };
		274DA80D2B73B24A00E9B0D7 /* Info.plist */ = {isa = PBXFileReference; lastKnownFileType = text.plist.xml; path = Info.plist; sourceTree = "<group>"; };
		274DA8122B73B24A00E9B0D7 /* ConcurrencyInSwiftTests.xctest */ = {isa = PBXFileReference; explicitFileType = wrapper.cfbundle; includeInIndex = 0; path = ConcurrencyInSwiftTests.xctest; sourceTree = BUILT_PRODUCTS_DIR; };
		274DA8162B73B24A00E9B0D7 /* ConcurrencyInSwiftTests.swift */ = {isa = PBXFileReference; lastKnownFileType = sourcecode.swift; path = ConcurrencyInSwiftTests.swift; sourceTree = "<group>"; };
		274DA81C2B73B24A00E9B0D7 /* ConcurrencyInSwiftUITests.xctest */ = {isa = PBXFileReference; explicitFileType = wrapper.cfbundle; includeInIndex = 0; path = ConcurrencyInSwiftUITests.xctest; sourceTree = BUILT_PRODUCTS_DIR; };
		274DA8202B73B24A00E9B0D7 /* ConcurrencyInSwiftUITests.swift */ = {isa = PBXFileReference; lastKnownFileType = sourcecode.swift; path = ConcurrencyInSwiftUITests.swift; sourceTree = "<group>"; };
		274DA8222B73B24A00E9B0D7 /* ConcurrencyInSwiftUITestsLaunchTests.swift */ = {isa = PBXFileReference; lastKnownFileType = sourcecode.swift; path = ConcurrencyInSwiftUITestsLaunchTests.swift; sourceTree = "<group>"; };
/* End PBXFileReference section */

/* Begin PBXFrameworksBuildPhase section */
		274DA7F92B73B24500E9B0D7 /* Frameworks */ = {
			isa = PBXFrameworksBuildPhase;
			buildActionMask = 2147483647;
			files = (
			);
			runOnlyForDeploymentPostprocessing = 0;
		};
		274DA80F2B73B24A00E9B0D7 /* Frameworks */ = {
			isa = PBXFrameworksBuildPhase;
			buildActionMask = 2147483647;
			files = (
			);
			runOnlyForDeploymentPostprocessing = 0;
		};
		274DA8192B73B24A00E9B0D7 /* Frameworks */ = {
			isa = PBXFrameworksBuildPhase;
			buildActionMask = 2147483647;
			files = (
			);
			runOnlyForDeploymentPostprocessing = 0;
		};
/* End PBXFrameworksBuildPhase section */

/* Begin PBXGroup section */
		274DA7F32B73B24500E9B0D7 = {
			isa = PBXGroup;
			children = (
				274DA7FE2B73B24500E9B0D7 /* ConcurrencyInSwift */,
				274DA8152B73B24A00E9B0D7 /* ConcurrencyInSwiftTests */,
				274DA81F2B73B24A00E9B0D7 /* ConcurrencyInSwiftUITests */,
				274DA7FD2B73B24500E9B0D7 /* Products */,
			);
			sourceTree = "<group>";
		};
		274DA7FD2B73B24500E9B0D7 /* Products */ = {
			isa = PBXGroup;
			children = (
				274DA7FC2B73B24500E9B0D7 /* ConcurrencyInSwift.app */,
				274DA8122B73B24A00E9B0D7 /* ConcurrencyInSwiftTests.xctest */,
				274DA81C2B73B24A00E9B0D7 /* ConcurrencyInSwiftUITests.xctest */,
			);
			name = Products;
			sourceTree = "<group>";
		};
		274DA7FE2B73B24500E9B0D7 /* ConcurrencyInSwift */ = {
			isa = PBXGroup;
			children = (
				274DA7FF2B73B24500E9B0D7 /* AppDelegate.swift */,
				274DA8012B73B24500E9B0D7 /* SceneDelegate.swift */,
				274DA8032B73B24500E9B0D7 /* ViewController.swift */,
				274DA8052B73B24500E9B0D7 /* Main.storyboard */,
				274DA8082B73B24A00E9B0D7 /* Assets.xcassets */,
				274DA80A2B73B24A00E9B0D7 /* LaunchScreen.storyboard */,
				274DA80D2B73B24A00E9B0D7 /* Info.plist */,
			);
			path = ConcurrencyInSwift;
			sourceTree = "<group>";
		};
		274DA8152B73B24A00E9B0D7 /* ConcurrencyInSwiftTests */ = {
			isa = PBXGroup;
			children = (
				274DA8162B73B24A00E9B0D7 /* ConcurrencyInSwiftTests.swift */,
			);
			path = ConcurrencyInSwiftTests;
			sourceTree = "<group>";
		};
		274DA81F2B73B24A00E9B0D7 /* ConcurrencyInSwiftUITests */ = {
			isa = PBXGroup;
			children = (
				274DA8202B73B24A00E9B0D7 /* ConcurrencyInSwiftUITests.swift */,
				274DA8222B73B24A00E9B0D7 /* ConcurrencyInSwiftUITestsLaunchTests.swift */,
			);
			path = ConcurrencyInSwiftUITests;
			sourceTree = "<group>";
		};
/* End PBXGroup section */

/* Begin PBXNativeTarget section */
		274DA7FB2B73B24500E9B0D7 /* ConcurrencyInSwift */ = {
			isa = PBXNativeTarget;
			buildConfigurationList = 274DA8262B73B24A00E9B0D7 /* Build configuration list for PBXNativeTarget "ConcurrencyInSwift" */;
			buildPhases = (
				274DA7F82B73B24500E9B0D7 /* Sources */,
				274DA7F92B73B24500E9B0D7 /* Frameworks */,
				274DA7FA2B73B24500E9B0D7 /* Resources */,
			);
			buildRules = (
			);
			dependencies = (
			);
			name = ConcurrencyInSwift;
			productName = ConcurrencyInSwift;
			productReference = 274DA7FC2B73B24500E9B0D7 /* ConcurrencyInSwift.app */;
			productType = "com.apple.product-type.application";
		};
		274DA8112B73B24A00E9B0D7 /* ConcurrencyInSwiftTests */ = {
			isa = PBXNativeTarget;
			buildConfigurationList = 274DA8292B73B24A00E9B0D7 /* Build configuration list for PBXNativeTarget "ConcurrencyInSwiftTests" */;
			buildPhases = (
				274DA80E2B73B24A00E9B0D7 /* Sources */,
				274DA80F2B73B24A00E9B0D7 /* Frameworks */,
				274DA8102B73B24A00E9B0D7 /* Resources */,
			);
			buildRules = (
			);
			dependencies = (
				274DA8142B73B24A00E9B0D7 /* PBXTargetDependency */,
			);
			name = ConcurrencyInSwiftTests;
			productName = ConcurrencyInSwiftTests;
			productReference = 274DA8122B73B24A00E9B0D7 /* ConcurrencyInSwiftTests.xctest */;
			productType = "com.apple.product-type.bundle.unit-test";
		};
		274DA81B2B73B24A00E9B0D7 /* ConcurrencyInSwiftUITests */ = {
			isa = PBXNativeTarget;
			buildConfigurationList = 274DA82C2B73B24A00E9B0D7 /* Build configuration list for PBXNativeTarget "ConcurrencyInSwiftUITests" */;
			buildPhases = (
				274DA8182B73B24A00E9B0D7 /* Sources */,
				274DA8192B73B24A00E9B0D7 /* Frameworks */,
				274DA81A2B73B24A00E9B0D7 /* Resources */,
			);
			buildRules = (
			);
			dependencies = (
				274DA81E2B73B24A00E9B0D7 /* PBXTargetDependency */,
			);
			name = ConcurrencyInSwiftUITests;
			productName = ConcurrencyInSwiftUITests;
			productReference = 274DA81C2B73B24A00E9B0D7 /* ConcurrencyInSwiftUITests.xctest */;
			productType = "com.apple.product-type.bundle.ui-testing";
		};
/* End PBXNativeTarget section */

/* Begin PBXProject section */
		274DA7F42B73B24500E9B0D7 /* Project object */ = {
			isa = PBXProject;
			attributes = {
				BuildIndependentTargetsInParallel = 1;
				LastSwiftUpdateCheck = 1510;
				LastUpgradeCheck = 1510;
				TargetAttributes = {
					274DA7FB2B73B24500E9B0D7 = {
						CreatedOnToolsVersion = 15.1;
					};
					274DA8112B73B24A00E9B0D7 = {
						CreatedOnToolsVersion = 15.1;
						TestTargetID = 274DA7FB2B73B24500E9B0D7;
					};
					274DA81B2B73B24A00E9B0D7 = {
						CreatedOnToolsVersion = 15.1;
						TestTargetID = 274DA7FB2B73B24500E9B0D7;
					};
				};
			};
			buildConfigurationList = 274DA7F72B73B24500E9B0D7 /* Build configuration list for PBXProject "ConcurrencyInSwift" */;
			compatibilityVersion = "Xcode 14.0";
			developmentRegion = en;
			hasScannedForEncodings = 0;
			knownRegions = (
				en,
				Base,
			);
			mainGroup = 274DA7F32B73B24500E9B0D7;
			productRefGroup = 274DA7FD2B73B24500E9B0D7 /* Products */;
			projectDirPath = "";
			projectRoot = "";
			targets = (
				274DA7FB2B73B24500E9B0D7 /* ConcurrencyInSwift */,
				274DA8112B73B24A00E9B0D7 /* ConcurrencyInSwiftTests */,
				274DA81B2B73B24A00E9B0D7 /* ConcurrencyInSwiftUITests */,
			);
		};
/* End PBXProject section */

/* Begin PBXResourcesBuildPhase section */
		274DA7FA2B73B24500E9B0D7 /* Resources */ = {
			isa = PBXResourcesBuildPhase;
			buildActionMask = 2147483647;
			files = (
				274DA80C2B73B24A00E9B0D7 /* LaunchScreen.storyboard in Resources */,
				274DA8092B73B24A00E9B0D7 /* Assets.xcassets in Resources */,
				274DA8072B73B24500E9B0D7 /* Main.storyboard in Resources */,
			);
			runOnlyForDeploymentPostprocessing = 0;
		};
		274DA8102B73B24A00E9B0D7 /* Resources */ = {
			isa = PBXResourcesBuildPhase;
			buildActionMask = 2147483647;
			files = (
			);
			runOnlyForDeploymentPostprocessing = 0;
		};
		274DA81A2B73B24A00E9B0D7 /* Resources */ = {
			isa = PBXResourcesBuildPhase;
			buildActionMask = 2147483647;
			files = (
			);
			runOnlyForDeploymentPostprocessing = 0;
		};
/* End PBXResourcesBuildPhase section */

/* Begin PBXSourcesBuildPhase section */
		274DA7F82B73B24500E9B0D7 /* Sources */ = {
			isa = PBXSourcesBuildPhase;
			buildActionMask = 2147483647;
			files = (
				274DA8042B73B24500E9B0D7 /* ViewController.swift in Sources */,
				274DA8002B73B24500E9B0D7 /* AppDelegate.swift in Sources */,
				274DA8022B73B24500E9B0D7 /* SceneDelegate.swift in Sources */,
			);
			runOnlyForDeploymentPostprocessing = 0;
		};
		274DA80E2B73B24A00E9B0D7 /* Sources */ = {
			isa = PBXSourcesBuildPhase;
			buildActionMask = 2147483647;
			files = (
				274DA8172B73B24A00E9B0D7 /* ConcurrencyInSwiftTests.swift in Sources */,
			);
			runOnlyForDeploymentPostprocessing = 0;
		};
		274DA8182B73B24A00E9B0D7 /* Sources */ = {
			isa = PBXSourcesBuildPhase;
			buildActionMask = 2147483647;
			files = (
				274DA8212B73B24A00E9B0D7 /* ConcurrencyInSwiftUITests.swift in Sources */,
				274DA8232B73B24A00E9B0D7 /* ConcurrencyInSwiftUITestsLaunchTests.swift in Sources */,
			);
			runOnlyForDeploymentPostprocessing = 0;
		};
/* End PBXSourcesBuildPhase section */

/* Begin PBXTargetDependency section */
		274DA8142B73B24A00E9B0D7 /* PBXTargetDependency */ = {
			isa = PBXTargetDependency;
			target = 274DA7FB2B73B24500E9B0D7 /* ConcurrencyInSwift */;
			targetProxy = 274DA8132B73B24A00E9B0D7 /* PBXContainerItemProxy */;
		};
		274DA81E2B73B24A00E9B0D7 /* PBXTargetDependency */ = {
			isa = PBXTargetDependency;
			target = 274DA7FB2B73B24500E9B0D7 /* ConcurrencyInSwift */;
			targetProxy = 274DA81D2B73B24A00E9B0D7 /* PBXContainerItemProxy */;
		};
/* End PBXTargetDependency section */

/* Begin PBXVariantGroup section */
		274DA8052B73B24500E9B0D7 /* Main.storyboard */ = {
			isa = PBXVariantGroup;
			children = (
				274DA8062B73B24500E9B0D7 /* Base */,
			);
			name = Main.storyboard;
			sourceTree = "<group>";
		};
		274DA80A2B73B24A00E9B0D7 /* LaunchScreen.storyboard */ = {
			isa = PBXVariantGroup;
			children = (
				274DA80B2B73B24A00E9B0D7 /* Base */,
			);
			name = LaunchScreen.storyboard;
			sourceTree = "<group>";
		};
/* End PBXVariantGroup section */

/* Begin XCBuildConfiguration section */
		274DA8242B73B24A00E9B0D7 /* Debug */ = {
			isa = XCBuildConfiguration;
			buildSettings = {
				ALWAYS_SEARCH_USER_PATHS = NO;
				ASSETCATALOG_COMPILER_GENERATE_SWIFT_ASSET_SYMBOL_EXTENSIONS = YES;
				CLANG_ANALYZER_NONNULL = YES;
				CLANG_ANALYZER_NUMBER_OBJECT_CONVERSION = YES_AGGRESSIVE;
				CLANG_CXX_LANGUAGE_STANDARD = "gnu++20";
				CLANG_ENABLE_MODULES = YES;
				CLANG_ENABLE_OBJC_ARC = YES;
				CLANG_ENABLE_OBJC_WEAK = YES;
				CLANG_WARN_BLOCK_CAPTURE_AUTORELEASING = YES;
				CLANG_WARN_BOOL_CONVERSION = YES;
				CLANG_WARN_COMMA = YES;
				CLANG_WARN_CONSTANT_CONVERSION = YES;
				CLANG_WARN_DEPRECATED_OBJC_IMPLEMENTATIONS = YES;
				CLANG_WARN_DIRECT_OBJC_ISA_USAGE = YES_ERROR;
				CLANG_WARN_DOCUMENTATION_COMMENTS = YES;
				CLANG_WARN_EMPTY_BODY = YES;
				CLANG_WARN_ENUM_CONVERSION = YES;
				CLANG_WARN_INFINITE_RECURSION = YES;
				CLANG_WARN_INT_CONVERSION = YES;
				CLANG_WARN_NON_LITERAL_NULL_CONVERSION = YES;
				CLANG_WARN_OBJC_IMPLICIT_RETAIN_SELF = YES;
				CLANG_WARN_OBJC_LITERAL_CONVERSION = YES;
				CLANG_WARN_OBJC_ROOT_CLASS = YES_ERROR;
				CLANG_WARN_QUOTED_INCLUDE_IN_FRAMEWORK_HEADER = YES;
				CLANG_WARN_RANGE_LOOP_ANALYSIS = YES;
				CLANG_WARN_STRICT_PROTOTYPES = YES;
				CLANG_WARN_SUSPICIOUS_MOVE = YES;
				CLANG_WARN_UNGUARDED_AVAILABILITY = YES_AGGRESSIVE;
				CLANG_WARN_UNREACHABLE_CODE = YES;
				CLANG_WARN__DUPLICATE_METHOD_MATCH = YES;
				COPY_PHASE_STRIP = NO;
				DEBUG_INFORMATION_FORMAT = dwarf;
				ENABLE_STRICT_OBJC_MSGSEND = YES;
				ENABLE_TESTABILITY = YES;
				ENABLE_USER_SCRIPT_SANDBOXING = YES;
				GCC_C_LANGUAGE_STANDARD = gnu17;
				GCC_DYNAMIC_NO_PIC = NO;
				GCC_NO_COMMON_BLOCKS = YES;
				GCC_OPTIMIZATION_LEVEL = 0;
				GCC_PREPROCESSOR_DEFINITIONS = (
					"DEBUG=1",
					"$(inherited)",
				);
				GCC_WARN_64_TO_32_BIT_CONVERSION = YES;
				GCC_WARN_ABOUT_RETURN_TYPE = YES_ERROR;
				GCC_WARN_UNDECLARED_SELECTOR = YES;
				GCC_WARN_UNINITIALIZED_AUTOS = YES_AGGRESSIVE;
				GCC_WARN_UNUSED_FUNCTION = YES;
				GCC_WARN_UNUSED_VARIABLE = YES;
				IPHONEOS_DEPLOYMENT_TARGET = 17.2;
				LOCALIZATION_PREFERS_STRING_CATALOGS = YES;
				MTL_ENABLE_DEBUG_INFO = INCLUDE_SOURCE;
				MTL_FAST_MATH = YES;
				ONLY_ACTIVE_ARCH = YES;
				SDKROOT = iphoneos;
				SWIFT_ACTIVE_COMPILATION_CONDITIONS = "DEBUG $(inherited)";
				SWIFT_OPTIMIZATION_LEVEL = "-Onone";
			};
			name = Debug;
		};
		274DA8252B73B24A00E9B0D7 /* Release */ = {
			isa = XCBuildConfiguration;
			buildSettings = {
				ALWAYS_SEARCH_USER_PATHS = NO;
				ASSETCATALOG_COMPILER_GENERATE_SWIFT_ASSET_SYMBOL_EXTENSIONS = YES;
				CLANG_ANALYZER_NONNULL = YES;
				CLANG_ANALYZER_NUMBER_OBJECT_CONVERSION = YES_AGGRESSIVE;
				CLANG_CXX_LANGUAGE_STANDARD = "gnu++20";
				CLANG_ENABLE_MODULES = YES;
				CLANG_ENABLE_OBJC_ARC = YES;
				CLANG_ENABLE_OBJC_WEAK = YES;
				CLANG_WARN_BLOCK_CAPTURE_AUTORELEASING = YES;
				CLANG_WARN_BOOL_CONVERSION = YES;
				CLANG_WARN_COMMA = YES;
				CLANG_WARN_CONSTANT_CONVERSION = YES;
				CLANG_WARN_DEPRECATED_OBJC_IMPLEMENTATIONS = YES;
				CLANG_WARN_DIRECT_OBJC_ISA_USAGE = YES_ERROR;
				CLANG_WARN_DOCUMENTATION_COMMENTS = YES;
				CLANG_WARN_EMPTY_BODY = YES;
				CLANG_WARN_ENUM_CONVERSION = YES;
				CLANG_WARN_INFINITE_RECURSION = YES;
				CLANG_WARN_INT_CONVERSION = YES;
				CLANG_WARN_NON_LITERAL_NULL_CONVERSION = YES;
				CLANG_WARN_OBJC_IMPLICIT_RETAIN_SELF = YES;
				CLANG_WARN_OBJC_LITERAL_CONVERSION = YES;
				CLANG_WARN_OBJC_ROOT_CLASS = YES_ERROR;
				CLANG_WARN_QUOTED_INCLUDE_IN_FRAMEWORK_HEADER = YES;
				CLANG_WARN_RANGE_LOOP_ANALYSIS = YES;
				CLANG_WARN_STRICT_PROTOTYPES = YES;
				CLANG_WARN_SUSPICIOUS_MOVE = YES;
				CLANG_WARN_UNGUARDED_AVAILABILITY = YES_AGGRESSIVE;
				CLANG_WARN_UNREACHABLE_CODE = YES;
				CLANG_WARN__DUPLICATE_METHOD_MATCH = YES;
				COPY_PHASE_STRIP = NO;
				DEBUG_INFORMATION_FORMAT = "dwarf-with-dsym";
				ENABLE_NS_ASSERTIONS = NO;
				ENABLE_STRICT_OBJC_MSGSEND = YES;
				ENABLE_USER_SCRIPT_SANDBOXING = YES;
				GCC_C_LANGUAGE_STANDARD = gnu17;
				GCC_NO_COMMON_BLOCKS = YES;
				GCC_WARN_64_TO_32_BIT_CONVERSION = YES;
				GCC_WARN_ABOUT_RETURN_TYPE = YES_ERROR;
				GCC_WARN_UNDECLARED_SELECTOR = YES;
				GCC_WARN_UNINITIALIZED_AUTOS = YES_AGGRESSIVE;
				GCC_WARN_UNUSED_FUNCTION = YES;
				GCC_WARN_UNUSED_VARIABLE = YES;
				IPHONEOS_DEPLOYMENT_TARGET = 17.2;
				LOCALIZATION_PREFERS_STRING_CATALOGS = YES;
				MTL_ENABLE_DEBUG_INFO = NO;
				MTL_FAST_MATH = YES;
				SDKROOT = iphoneos;
				SWIFT_COMPILATION_MODE = wholemodule;
				VALIDATE_PRODUCT = YES;
			};
			name = Release;
		};
		274DA8272B73B24A00E9B0D7 /* Debug */ = {
			isa = XCBuildConfiguration;
			buildSettings = {
				ASSETCATALOG_COMPILER_APPICON_NAME = AppIcon;
				ASSETCATALOG_COMPILER_GLOBAL_ACCENT_COLOR_NAME = AccentColor;
				CODE_SIGN_STYLE = Automatic;
				CURRENT_PROJECT_VERSION = 1;
				DEVELOPMENT_TEAM = PWK5WLZ6R6;
				GENERATE_INFOPLIST_FILE = YES;
				INFOPLIST_FILE = ConcurrencyInSwift/Info.plist;
				INFOPLIST_KEY_UIApplicationSupportsIndirectInputEvents = YES;
				INFOPLIST_KEY_UILaunchStoryboardName = LaunchScreen;
				INFOPLIST_KEY_UIMainStoryboardFile = Main;
				INFOPLIST_KEY_UISupportedInterfaceOrientations_iPad = "UIInterfaceOrientationPortrait UIInterfaceOrientationPortraitUpsideDown UIInterfaceOrientationLandscapeLeft UIInterfaceOrientationLandscapeRight";
				INFOPLIST_KEY_UISupportedInterfaceOrientations_iPhone = "UIInterfaceOrientationPortrait UIInterfaceOrientationLandscapeLeft UIInterfaceOrientationLandscapeRight";
				LD_RUNPATH_SEARCH_PATHS = (
					"$(inherited)",
					"@executable_path/Frameworks",
				);
				MARKETING_VERSION = 1.0;
				PRODUCT_BUNDLE_IDENTIFIER = com.LearningSample.ConcurrencyInSwift;
				PRODUCT_NAME = "$(TARGET_NAME)";
				SWIFT_EMIT_LOC_STRINGS = YES;
				SWIFT_VERSION = 5.0;
				TARGETED_DEVICE_FAMILY = "1,2";
			};
			name = Debug;
		};
		274DA8282B73B24A00E9B0D7 /* Release */ = {
			isa = XCBuildConfiguration;
			buildSettings = {
				ASSETCATALOG_COMPILER_APPICON_NAME = AppIcon;
				ASSETCATALOG_COMPILER_GLOBAL_ACCENT_COLOR_NAME = AccentColor;
				CODE_SIGN_STYLE = Automatic;
				CURRENT_PROJECT_VERSION = 1;
				DEVELOPMENT_TEAM = PWK5WLZ6R6;
				GENERATE_INFOPLIST_FILE = YES;
				INFOPLIST_FILE = ConcurrencyInSwift/Info.plist;
				INFOPLIST_KEY_UIApplicationSupportsIndirectInputEvents = YES;
				INFOPLIST_KEY_UILaunchStoryboardName = LaunchScreen;
				INFOPLIST_KEY_UIMainStoryboardFile = Main;
				INFOPLIST_KEY_UISupportedInterfaceOrientations_iPad = "UIInterfaceOrientationPortrait UIInterfaceOrientationPortraitUpsideDown UIInterfaceOrientationLandscapeLeft UIInterfaceOrientationLandscapeRight";
				INFOPLIST_KEY_UISupportedInterfaceOrientations_iPhone = "UIInterfaceOrientationPortrait UIInterfaceOrientationLandscapeLeft UIInterfaceOrientationLandscapeRight";
				LD_RUNPATH_SEARCH_PATHS = (
					"$(inherited)",
					"@executable_path/Frameworks",
				);
				MARKETING_VERSION = 1.0;
				PRODUCT_BUNDLE_IDENTIFIER = com.LearningSample.ConcurrencyInSwift;
				PRODUCT_NAME = "$(TARGET_NAME)";
				SWIFT_EMIT_LOC_STRINGS = YES;
				SWIFT_VERSION = 5.0;
				TARGETED_DEVICE_FAMILY = "1,2";
			};
			name = Release;
		};
		274DA82A2B73B24A00E9B0D7 /* Debug */ = {
			isa = XCBuildConfiguration;
			buildSettings = {
				ALWAYS_EMBED_SWIFT_STANDARD_LIBRARIES = YES;
				BUNDLE_LOADER = "$(TEST_HOST)";
				CODE_SIGN_STYLE = Automatic;
				CURRENT_PROJECT_VERSION = 1;
				DEVELOPMENT_TEAM = PWK5WLZ6R6;
				GENERATE_INFOPLIST_FILE = YES;
				IPHONEOS_DEPLOYMENT_TARGET = 17.2;
				MARKETING_VERSION = 1.0;
				PRODUCT_BUNDLE_IDENTIFIER = com.LearningSample.ConcurrencyInSwiftTests;
				PRODUCT_NAME = "$(TARGET_NAME)";
				SWIFT_EMIT_LOC_STRINGS = NO;
				SWIFT_VERSION = 5.0;
				TARGETED_DEVICE_FAMILY = "1,2";
				TEST_HOST = "$(BUILT_PRODUCTS_DIR)/ConcurrencyInSwift.app/$(BUNDLE_EXECUTABLE_FOLDER_PATH)/ConcurrencyInSwift";
			};
			name = Debug;
		};
		274DA82B2B73B24A00E9B0D7 /* Release */ = {
			isa = XCBuildConfiguration;
			buildSettings = {
				ALWAYS_EMBED_SWIFT_STANDARD_LIBRARIES = YES;
				BUNDLE_LOADER = "$(TEST_HOST)";
				CODE_SIGN_STYLE = Automatic;
				CURRENT_PROJECT_VERSION = 1;
				DEVELOPMENT_TEAM = PWK5WLZ6R6;
				GENERATE_INFOPLIST_FILE = YES;
				IPHONEOS_DEPLOYMENT_TARGET = 17.2;
				MARKETING_VERSION = 1.0;
				PRODUCT_BUNDLE_IDENTIFIER = com.LearningSample.ConcurrencyInSwiftTests;
				PRODUCT_NAME = "$(TARGET_NAME)";
				SWIFT_EMIT_LOC_STRINGS = NO;
				SWIFT_VERSION = 5.0;
				TARGETED_DEVICE_FAMILY = "1,2";
				TEST_HOST = "$(BUILT_PRODUCTS_DIR)/ConcurrencyInSwift.app/$(BUNDLE_EXECUTABLE_FOLDER_PATH)/ConcurrencyInSwift";
			};
			name = Release;
		};
		274DA82D2B73B24A00E9B0D7 /* Debug */ = {
			isa = XCBuildConfiguration;
			buildSettings = {
				ALWAYS_EMBED_SWIFT_STANDARD_LIBRARIES = YES;
				CODE_SIGN_STYLE = Automatic;
				CURRENT_PROJECT_VERSION = 1;
				DEVELOPMENT_TEAM = PWK5WLZ6R6;
				GENERATE_INFOPLIST_FILE = YES;
				MARKETING_VERSION = 1.0;
				PRODUCT_BUNDLE_IDENTIFIER = com.LearningSample.ConcurrencyInSwiftUITests;
				PRODUCT_NAME = "$(TARGET_NAME)";
				SWIFT_EMIT_LOC_STRINGS = NO;
				SWIFT_VERSION = 5.0;
				TARGETED_DEVICE_FAMILY = "1,2";
				TEST_TARGET_NAME = ConcurrencyInSwift;
			};
			name = Debug;
		};
		274DA82E2B73B24A00E9B0D7 /* Release */ = {
			isa = XCBuildConfiguration;
			buildSettings = {
				ALWAYS_EMBED_SWIFT_STANDARD_LIBRARIES = YES;
				CODE_SIGN_STYLE = Automatic;
				CURRENT_PROJECT_VERSION = 1;
				DEVELOPMENT_TEAM = PWK5WLZ6R6;
				GENERATE_INFOPLIST_FILE = YES;
				MARKETING_VERSION = 1.0;
				PRODUCT_BUNDLE_IDENTIFIER = com.LearningSample.ConcurrencyInSwiftUITests;
				PRODUCT_NAME = "$(TARGET_NAME)";
				SWIFT_EMIT_LOC_STRINGS = NO;
				SWIFT_VERSION = 5.0;
				TARGETED_DEVICE_FAMILY = "1,2";
				TEST_TARGET_NAME = ConcurrencyInSwift;
			};
			name = Release;
		};
/* End XCBuildConfiguration section */

/* Begin XCConfigurationList section */
		274DA7F72B73B24500E9B0D7 /* Build configuration list for PBXProject "ConcurrencyInSwift" */ = {
			isa = XCConfigurationList;
			buildConfigurations = (
				274DA8242B73B24A00E9B0D7 /* Debug */,
				274DA8252B73B24A00E9B0D7 /* Release */,
			);
			defaultConfigurationIsVisible = 0;
			defaultConfigurationName = Release;
		};
		274DA8262B73B24A00E9B0D7 /* Build configuration list for PBXNativeTarget "ConcurrencyInSwift" */ = {
			isa = XCConfigurationList;
			buildConfigurations = (
				274DA8272B73B24A00E9B0D7 /* Debug */,
				274DA8282B73B24A00E9B0D7 /* Release */,
			);
			defaultConfigurationIsVisible = 0;
			defaultConfigurationName = Release;
		};
		274DA8292B73B24A00E9B0D7 /* Build configuration list for PBXNativeTarget "ConcurrencyInSwiftTests" */ = {
			isa = XCConfigurationList;
			buildConfigurations = (
				274DA82A2B73B24A00E9B0D7 /* Debug */,
				274DA82B2B73B24A00E9B0D7 /* Release */,
			);
			defaultConfigurationIsVisible = 0;
			defaultConfigurationName = Release;
		};
		274DA82C2B73B24A00E9B0D7 /* Build configuration list for PBXNativeTarget "ConcurrencyInSwiftUITests" */ = {
			isa = XCConfigurationList;
			buildConfigurations = (
				274DA82D2B73B24A00E9B0D7 /* Debug */,
				274DA82E2B73B24A00E9B0D7 /* Release */,
			);
			defaultConfigurationIsVisible = 0;
			defaultConfigurationName = Release;
		};
/* End XCConfigurationList section */
	};
	rootObject = 274DA7F42B73B24500E9B0D7 /* Project object */;
}
